{
  "name": "aibox-applet-market",
  "version": "1.0.0",
  "lockfileVersion": 3,
  "requires": true,
  "packages": {
    "": {
      "name": "aibox-applet-market",
      "version": "1.0.0",
      "workspaces": [
        "packages/*",
        "apps/*"
      ],
      "devDependencies": {
        "@biomejs/biome": "2.5.7",
        "sucrase": "^3.35.1",
        "typescript": "^5.9.3"
      },
      "engines": {
        "node": ">=18"
      }
    },
    "apps/com.aibox.bilibili": {
      "name": "@aibox-app/bilibili",
      "version": "1.0.0",
      "dependencies": {
        "@aibox/applet-sdk": "^1.1.0"
      },
      "devDependencies": {
        "@aibox/applet-tsbuild": "^1.0.0",
        "@types/react": "^18.3.12",
        "@types/react-dom": "^18.3.1",
        "react": "^18.3.1",
        "react-dom": "^18.3.1",
        "typescript": "^5.9.3"
      }
    },
    "apps/com.aibox.downloads": {
      "name": "@aibox-app/downloads",
      "version": "1.0.0",
      "dependencies": {
        "@aibox/applet-sdk": "^1.1.0"
      },
      "devDependencies": {
        "@aibox/applet-tsbuild": "^1.0.0",
        "@types/react": "^18.3.12",
        "@types/react-dom": "^18.3.1",
        "react": "^18.3.1",
        "react-dom": "^18.3.1",
        "typescript": "^5.9.3"
      }
    },
    "apps/com.aibox.finance": {
      "name": "@aibox-app/finance",
      "version": "1.0.0",
      "dependencies": {
        "@aibox/applet-sdk": "^1.1.0"
      },
      "devDependencies": {
        "@aibox/applet-tsbuild": "^1.0.0",
        "@types/react": "^18.3.12",
        "@types/react-dom": "^18.3.1",
        "react": "^18.3.1",
        "react-dom": "^18.3.1",
        "typescript": "^5.9.3"
      }
    },
    "apps/com.aibox.ledger": {
      "name": "@aibox-app/ledger",
      "version": "1.0.0",
      "dependencies": {
        "@aibox/applet-sdk": "^1.1.0"
      },
      "devDependencies": {
        "@aibox/applet-tsbuild": "^1.0.0",
        "@types/react": "^18.3.12",
        "@types/react-dom": "^18.3.1",
        "react": "^18.3.1",
        "react-dom": "^18.3.1",
        "typescript": "^5.9.3"
      }
    },
    "apps/com.aibox.music": {
      "name": "@aibox-app/music",
      "version": "1.0.0",
      "dependencies": {
        "@aibox/applet-sdk": "^1.1.0"
      },
      "devDependencies": {
        "@aibox/applet-tsbuild": "^1.0.0",
        "@types/react": "^18.3.12",
        "@types/react-dom": "^18.3.1",
        "react": "^18.3.1",
        "react-dom": "^18.3.1",
        "typescript": "^5.9.3"
      }
    },
    "apps/com.aibox.news": {
      "name": "@aibox-app/news",
      "version": "1.0.0",
      "dependencies": {
        "@aibox/applet-sdk": "^1.1.0"
      },
      "devDependencies": {
        "@aibox/applet-tsbuild": "^1.0.0",
        "@types/react": "^18.3.12",
        "@types/react-dom": "^18.3.1",
        "react": "^18.3.1",
        "react-dom": "^18.3.1",
        "typescript": "^5.9.3"
      }
    },
    "apps/com.aibox.timer": {
      "name": "@aibox-app/timer",
      "version": "1.0.0",
      "dependencies": {
        "@aibox/applet-sdk": "^1.1.0"
      },
      "devDependencies": {
        "@aibox/applet-tsbuild": "^1.0.0",
        "@types/react": "^18.3.12",
        "@types/react-dom": "^18.3.1",
        "antd-mobile": "^5.38.1",
        "react": "^18.3.1",
        "react-dom": "^18.3.1",
        "typescript": "^5.9.3"
      }
    },
    "apps/com.aibox.viddl": {
      "name": "@aibox-app/viddl",
      "version": "1.0.0",
      "dependencies": {
        "@aibox/applet-sdk": "^1.1.0"
      },
      "devDependencies": {
        "@aibox/applet-tsbuild": "^1.0.0",
        "@types/react": "^18.3.12",
        "@types/react-dom": "^18.3.1",
        "react": "^18.3.1",
        "react-dom": "^18.3.1",
        "typescript": "^5.9.3"
      }
    },
    "apps/com.aibox.voicememos": {
      "name": "@aibox-app/voicememos",
      "version": "2.0.0",
      "dependencies": {
        "@aibox/applet-sdk": "^1.1.0"
      },
      "devDependencies": {
        "@aibox/applet-tsbuild": "^1.0.0",
        "@types/react": "^18.3.12",
        "@types/react-dom": "^18.3.1",
        "react": "^18.3.1",
        "react-dom": "^18.3.1",
        "typescript": "^5.9.3"
      }
    },
    "apps/com.aibox.wordstudy": {
      "name": "@aibox-app/wordstudy",
      "version": "1.0.0",
      "dependencies": {
        "@aibox/applet-sdk": "^1.1.0"
      },
      "devDependencies": {
        "@aibox/applet-tsbuild": "^1.0.0",
        "@types/react": "^18.3.12",
        "@types/react-dom": "^18.3.1",
        "react": "^18.3.1",
        "react-dom": "^18.3.1",
        "typescript": "^5.9.3"
      }
    },
    "apps/com.aibox.youtube": {
      "name": "@aibox-app/youtube",
      "version": "1.0.0",
      "dependencies": {
        "@aibox/applet-sdk": "^1.1.0"
      },
      "devDependencies": {
        "@aibox/applet-tsbuild": "^1.0.0",
        "@types/react": "^18.3.12",
        "@types/react-dom": "^18.3.1",
        "react": "^18.3.1",
        "react-dom": "^18.3.1",
        "typescript": "^5.9.3"
      }
    },
    "node_modules/@aibox-app/bilibili": {
      "resolved": "apps/com.aibox.bilibili",
      "link": true
    },
    "node_modules/@aibox-app/downloads": {
      "resolved": "apps/com.aibox.downloads",
      "link": true
    },
    "node_modules/@aibox-app/finance": {
      "resolved": "apps/com.aibox.finance",
      "link": true
    },
    "node_modules/@aibox-app/ledger": {
      "resolved": "apps/com.aibox.ledger",
      "link": true
    },
    "node_modules/@aibox-app/music": {
      "resolved": "apps/com.aibox.music",
      "link": true
    },
    "node_modules/@aibox-app/news": {
      "resolved": "apps/com.aibox.news",
      "link": true
    },
    "node_modules/@aibox-app/timer": {
      "resolved": "apps/com.aibox.timer",
      "link": true
    },
    "node_modules/@aibox-app/viddl": {
      "resolved": "apps/com.aibox.viddl",
      "link": true
    },
    "node_modules/@aibox-app/voicememos": {
      "resolved": "apps/com.aibox.voicememos",
      "link": true
    },
    "node_modules/@aibox-app/wordstudy": {
      "resolved": "apps/com.aibox.wordstudy",
      "link": true
    },
    "node_modules/@aibox-app/youtube": {
      "resolved": "apps/com.aibox.youtube",
      "link": true
    },
    "node_modules/@aibox/applet-sdk": {
      "resolved": "packages/aibox-sdk",
      "link": true
    },
    "node_modules/@aibox/applet-tsbuild": {
      "resolved": "packages/aibox-tsbuild",
      "link": true
    },
    "node_modules/@babel/runtime": {
      "version": "7.29.7",
      "dev": true,
      "license": "MIT",
      "engines": {
        "node": ">=6.9.0"
      }
    },
    "node_modules/@biomejs/biome": {
      "version": "2.5.7",
      "dev": true,
      "license": "MIT OR Apache-2.0",
      "bin": {
        "biome": "bin/biome"
      },
      "engines": {
        "node": ">=14.21.3"
      },
      "funding": {
        "type": "opencollective",
        "url": "https://opencollective.com/biome"
      },
      "optionalDependencies": {
        "@biomejs/cli-darwin-arm64": "2.5.7",
        "@biomejs/cli-darwin-x64": "2.5.7",
        "@biomejs/cli-linux-arm64": "2.5.7",
        "@biomejs/cli-linux-arm64-musl": "2.5.7",
        "@biomejs/cli-linux-x64": "2.5.7",
        "@biomejs/cli-linux-x64-musl": "2.5.7",
        "@biomejs/cli-win32-arm64": "2.5.7",
        "@biomejs/cli-win32-x64": "2.5.7"
      }
    },
    "node_modules/@biomejs/cli-darwin-arm64": {
      "version": "2.5.7",
      "cpu": [
        "arm64"
      ],
      "dev": true,
      "license": "MIT OR Apache-2.0",
      "optional": true,
      "os": [
        "darwin"
      ],
      "engines": {
        "node": ">=14.21.3"
      }
    },
    "node_modules/@esbuild/darwin-arm64": {
      "version": "0.25.12",
      "cpu": [
        "arm64"
      ],
      "dev": true,
      "license": "MIT",
      "optional": true,
      "os": [
        "darwin"
      ],
      "engines": {
        "node": ">=18"
      }
    },
    "node_modules/@floating-ui/core": {
      "version": "1.8.0",
      "dev": true,
      "license": "MIT",
      "dependencies": {
        "@floating-ui/utils": "^0.2.12"
      }
    },
    "node_modules/@floating-ui/dom": {
      "version": "1.8.0",
      "dev": true,
      "license": "MIT",
      "dependencies": {
        "@floating-ui/core": "^1.8.0",
        "@floating-ui/utils": "^0.2.12"
      }
    },
    "node_modules/@floating-ui/utils": {
      "version": "0.2.12",
      "dev": true,
      "license": "MIT"
    },
    "node_modules/@jridgewell/gen-mapping": {
      "version": "0.3.13",
      "dev": true,
      "license": "MIT",
      "dependencies": {
        "@jridgewell/sourcemap-codec": "^1.5.0",
        "@jridgewell/trace-mapping": "^0.3.24"
      }
    },
    "node_modules/@jridgewell/resolve-uri": {
      "version": "3.1.2",
      "dev": true,
      "license": "MIT",
      "engines": {
        "node": ">=6.0.0"
      }
    },
    "node_modules/@jridgewell/sourcemap-codec": {
      "version": "1.5.5",
      "dev": true,
      "license": "MIT"
    },
    "node_modules/@jridgewell/trace-mapping": {
      "version": "0.3.31",
      "dev": true,
      "license": "MIT",
      "dependencies": {
        "@jridgewell/resolve-uri": "^3.1.0",
        "@jridgewell/sourcemap-codec": "^1.4.14"
      }
    },
    "node_modules/@rc-component/mini-decimal": {
      "version": "1.1.4",
      "dev": true,
      "license": "MIT",
      "dependencies": {
        "@babel/runtime": "^7.18.0"
      },
      "engines": {
        "node": ">=8.x"
      }
    },
    "node_modules/@react-spring/animated": {
      "version": "9.6.1",
      "dev": true,
      "license": "MIT",
      "dependencies": {
        "@react-spring/shared": "~9.6.1",
        "@react-spring/types": "~9.6.1"
      },
      "peerDependencies": {
        "react": "^16.8.0 || ^17.0.0 || ^18.0.0"
      }
    },
    "node_modules/@react-spring/core": {
      "version": "9.6.1",
      "dev": true,
      "license": "MIT",
      "dependencies": {
        "@react-spring/animated": "~9.6.1",
        "@react-spring/rafz": "~9.6.1",
        "@react-spring/shared": "~9.6.1",
        "@react-spring/types": "~9.6.1"
      },
      "funding": {
        "type": "opencollective",
        "url": "https://opencollective.com/react-spring/donate"
      },
      "peerDependencies": {
        "react": "^16.8.0 || ^17.0.0 || ^18.0.0"
      }
    },
    "node_modules/@react-spring/rafz": {
      "version": "9.6.1",
      "dev": true,
      "license": "MIT"
    },
    "node_modules/@react-spring/shared": {
      "version": "9.6.1",
      "dev": true,
      "license": "MIT",
      "dependencies": {
        "@react-spring/rafz": "~9.6.1",
        "@react-spring/types": "~9.6.1"
      },
      "peerDependencies": {
        "react": "^16.8.0 || ^17.0.0 || ^18.0.0"
      }
    },
    "node_modules/@react-spring/types": {
      "version": "9.6.1",
      "dev": true,
      "license": "MIT"
    },
    "node_modules/@react-spring/web": {
      "version": "9.6.1",
      "dev": true,
      "license": "MIT",
      "dependencies": {
        "@react-spring/animated": "~9.6.1",
        "@react-spring/core": "~9.6.1",
        "@react-spring/shared": "~9.6.1",
        "@react-spring/types": "~9.6.1"
      },
      "peerDependencies": {
        "react": "^16.8.0 || ^17.0.0 || ^18.0.0",
        "react-dom": "^16.8.0 || ^17.0.0 || ^18.0.0"
      }
    },
    "node_modules/@types/js-cookie": {
      "version": "3.0.6",
      "dev": true,
      "license": "MIT"
    },
    "node_modules/@types/prop-types": {
      "version": "15.7.15",
      "dev": true,
      "license": "MIT"
    },
    "node_modules/@types/react": {
      "version": "18.3.31",
      "dev": true,
      "license": "MIT",
      "dependencies": {
        "@types/prop-types": "*",
        "csstype": "^3.2.2"
      }
    },
    "node_modules/@types/react-dom": {
      "version": "18.3.7",
      "dev": true,
      "license": "MIT",
      "peerDependencies": {
        "@types/react": "^18.0.0"
      }
    },
    "node_modules/@use-gesture/core": {
      "version": "10.3.0",
      "dev": true,
      "license": "MIT"
    },
    "node_modules/@use-gesture/react": {
      "version": "10.3.0",
      "dev": true,
      "license": "MIT",
      "dependencies": {
        "@use-gesture/core": "10.3.0"
      },
      "peerDependencies": {
        "react": ">= 16.8.0"
      }
    },
    "node_modules/ahooks": {
      "version": "3.9.7",
      "dev": true,
      "license": "MIT",
      "dependencies": {
        "@babel/runtime": "^7.21.0",
        "@types/js-cookie": "^3.0.6",
        "dayjs": "^1.9.1",
        "intersection-observer": "^0.12.0",
        "js-cookie": "^3.0.5",
        "lodash": "^4.17.21",
        "react-fast-compare": "^3.2.2",
        "resize-observer-polyfill": "^1.5.1",
        "screenfull": "^5.0.0",
        "tslib": "^2.4.1"
      },
      "peerDependencies": {
        "react": "^16.8.0 || ^17.0.0 || ^18.0.0 || ^19.0.0",
        "react-dom": "^16.8.0 || ^17.0.0 || ^18.0.0 || ^19.0.0"
      }
    },
    "node_modules/antd-mobile": {
      "version": "5.42.3",
      "dev": true,
      "license": "MIT",
      "dependencies": {
        "@floating-ui/dom": "^1.4.2",
        "@rc-component/mini-decimal": "^1.1.0",
        "@react-spring/web": "~9.6.1",
        "@use-gesture/react": "10.3.0",
        "ahooks": "^3.7.6",
        "antd-mobile-icons": "^0.3.0",
        "antd-mobile-v5-count": "^1.0.1",
        "classnames": "^2.3.2",
        "dayjs": "^1.11.7",
        "deepmerge": "^4.3.1",
        "nano-memoize": "^3.0.16",
        "rc-field-form": "^1.34.2",
        "rc-segmented": "~2.4.1",
        "rc-util": "^5.44.4",
        "react-fast-compare": "^3.2.2",
        "react-is": "^18.2.0",
        "runes2": "^1.1.2",
        "staged-components": "^1.1.3",
        "tslib": "^2.5.0",
        "use-sync-external-store": "^1.2.0"
      },
      "peerDependencies": {
        "react": "^16.8.0 || ^17.0.0 || ^18.0.0 || ^19.0.0",
        "react-dom": "^16.8.0 || ^17.0.0 || ^18.0.0 || ^19.0.0"
      }
    },
    "node_modules/antd-mobile-icons": {
      "version": "0.3.0",
      "dev": true,
      "license": "MIT"
    },
    "node_modules/antd-mobile-v5-count": {
      "version": "1.0.1",
      "dev": true,
      "license": "MIT"
    },
    "node_modules/any-promise": {
      "version": "1.3.0",
      "dev": true,
      "license": "MIT"
    },
    "node_modules/async-validator": {
      "version": "4.2.5",
      "dev": true,
      "license": "MIT"
    },
    "node_modules/classnames": {
      "version": "2.5.1",
      "dev": true,
      "license": "MIT"
    },
    "node_modules/commander": {
      "version": "4.1.1",
      "dev": true,
      "license": "MIT",
      "engines": {
        "node": ">= 6"
      }
    },
    "node_modules/csstype": {
      "version": "3.2.3",
      "dev": true,
      "license": "MIT"
    },
    "node_modules/dayjs": {
      "version": "1.11.21",
      "dev": true,
      "license": "MIT"
    },
    "node_modules/deepmerge": {
      "version": "4.3.1",
      "dev": true,
      "license": "MIT",
      "engines": {
        "node": ">=0.10.0"
      }
    },
    "node_modules/esbuild": {
      "version": "0.25.12",
      "dev": true,
      "hasInstallScript": true,
      "license": "MIT",
      "bin": {
        "esbuild": "bin/esbuild"
      },
      "engines": {
        "node": ">=18"
      },
      "optionalDependencies": {
        "@esbuild/aix-ppc64": "0.25.12",
        "@esbuild/android-arm": "0.25.12",
        "@esbuild/android-arm64": "0.25.12",
        "@esbuild/android-x64": "0.25.12",
        "@esbuild/darwin-arm64": "0.25.12",
        "@esbuild/darwin-x64": "0.25.12",
        "@esbuild/freebsd-arm64": "0.25.12",
        "@esbuild/freebsd-x64": "0.25.12",
        "@esbuild/linux-arm": "0.25.12",
        "@esbuild/linux-arm64": "0.25.12",
        "@esbuild/linux-ia32": "0.25.12",
        "@esbuild/linux-loong64": "0.25.12",
        "@esbuild/linux-mips64el": "0.25.12",
        "@esbuild/linux-ppc64": "0.25.12",
        "@esbuild/linux-riscv64": "0.25.12",
        "@esbuild/linux-s390x": "0.25.12",
        "@esbuild/linux-x64": "0.25.12",
        "@esbuild/netbsd-arm64": "0.25.12",
        "@esbuild/netbsd-x64": "0.25.12",
        "@esbuild/openbsd-arm64": "0.25.12",
        "@esbuild/openbsd-x64": "0.25.12",
        "@esbuild/openharmony-arm64": "0.25.12",
        "@esbuild/sunos-x64": "0.25.12",
        "@esbuild/win32-arm64": "0.25.12",
        "@esbuild/win32-ia32": "0.25.12",
        "@esbuild/win32-x64": "0.25.12"
      }
    },
    "node_modules/fdir": {
      "version": "6.5.0",
      "dev": true,
      "license": "MIT",
      "engines": {
        "node": ">=12.0.0"
      },
      "peerDependencies": {
        "picomatch": "^3 || ^4"
      },
      "peerDependenciesMeta": {
        "picomatch": {
          "optional": true
        }
      }
    },
    "node_modules/intersection-observer": {
      "version": "0.12.2",
      "dev": true,
      "license": "Apache-2.0"
    },
    "node_modules/js-cookie": {
      "version": "3.0.8",
      "dev": true,
      "license": "MIT"
    },
    "node_modules/js-tokens": {
      "version": "4.0.0",
      "devOptional": true,
      "license": "MIT"
    },
    "node_modules/lines-and-columns": {
      "version": "1.2.4",
      "dev": true,
      "license": "MIT"
    },
    "node_modules/lodash": {
      "version": "4.18.1",
      "dev": true,
      "license": "MIT"
    },
    "node_modules/loose-envify": {
      "version": "1.4.0",
      "devOptional": true,
      "license": "MIT",
      "dependencies": {
        "js-tokens": "^3.0.0 || ^4.0.0"
      },
      "bin": {
        "loose-envify": "cli.js"
      }
    },
    "node_modules/mz": {
      "version": "2.7.0",
      "dev": true,
      "license": "MIT",
      "dependencies": {
        "any-promise": "^1.0.0",
        "object-assign": "^4.0.1",
        "thenify-all": "^1.0.0"
      }
    },
    "node_modules/nano-memoize": {
      "version": "3.0.16",
      "dev": true,
      "license": "MIT"
    },
    "node_modules/object-assign": {
      "version": "4.1.1",
      "dev": true,
      "license": "MIT",
      "engines": {
        "node": ">=0.10.0"
      }
    },
    "node_modules/picomatch": {
      "version": "4.0.5",
      "dev": true,
      "license": "MIT",
      "engines": {
        "node": ">=12"
      },
      "funding": {
        "url": "https://github.com/sponsors/jonschlinkert"
      }
    },
    "node_modules/pirates": {
      "version": "4.0.7",
      "dev": true,
      "license": "MIT",
      "engines": {
        "node": ">= 6"
      }
    },
    "node_modules/rc-field-form": {
      "version": "1.44.0",
      "dev": true,
      "license": "MIT",
      "dependencies": {
        "@babel/runtime": "^7.18.0",
        "async-validator": "^4.1.0",
        "rc-util": "^5.32.2"
      },
      "engines": {
        "node": ">=8.x"
      },
      "peerDependencies": {
        "react": ">=16.9.0",
        "react-dom": ">=16.9.0"
      }
    },
    "node_modules/rc-motion": {
      "version": "2.9.5",
      "dev": true,
      "license": "MIT",
      "dependencies": {
        "@babel/runtime": "^7.11.1",
        "classnames": "^2.2.1",
        "rc-util": "^5.44.0"
      },
      "peerDependencies": {
        "react": ">=16.9.0",
        "react-dom": ">=16.9.0"
      }
    },
    "node_modules/rc-segmented": {
      "version": "2.4.1",
      "dev": true,
      "license": "MIT",
      "dependencies": {
        "@babel/runtime": "^7.11.1",
        "classnames": "^2.2.1",
        "rc-motion": "^2.4.4",
        "rc-util": "^5.17.0"
      },
      "peerDependencies": {
        "react": ">=16.0.0",
        "react-dom": ">=16.0.0"
      }
    },
    "node_modules/rc-util": {
      "version": "5.44.4",
      "dev": true,
      "license": "MIT",
      "dependencies": {
        "@babel/runtime": "^7.18.3",
        "react-is": "^18.2.0"
      },
      "peerDependencies": {
        "react": ">=16.9.0",
        "react-dom": ">=16.9.0"
      }
    },
    "node_modules/react": {
      "version": "18.3.1",
      "devOptional": true,
      "license": "MIT",
      "dependencies": {
        "loose-envify": "^1.1.0"
      },
      "engines": {
        "node": ">=0.10.0"
      }
    },
    "node_modules/react-dom": {
      "version": "18.3.1",
      "dev": true,
      "license": "MIT",
      "dependencies": {
        "loose-envify": "^1.1.0",
        "scheduler": "^0.23.2"
      },
      "peerDependencies": {
        "react": "^18.3.1"
      }
    },
    "node_modules/react-fast-compare": {
      "version": "3.2.2",
      "dev": true,
      "license": "MIT"
    },
    "node_modules/react-is": {
      "version": "18.3.1",
      "dev": true,
      "license": "MIT"
    },
    "node_modules/resize-observer-polyfill": {
      "version": "1.5.1",
      "dev": true,
      "license": "MIT"
    },
    "node_modules/runes2": {
      "version": "1.1.4",
      "dev": true,
      "license": "MIT"
    },
    "node_modules/scheduler": {
      "version": "0.23.2",
      "dev": true,
      "license": "MIT",
      "dependencies": {
        "loose-envify": "^1.1.0"
      }
    },
    "node_modules/screenfull": {
      "version": "5.2.0",
      "dev": true,
      "license": "MIT",
      "engines": {
        "node": ">=0.10.0"
      },
      "funding": {
        "url": "https://github.com/sponsors/sindresorhus"
      }
    },
    "node_modules/staged-components": {
      "version": "1.1.3",
      "dev": true,
      "license": "MIT",
      "peerDependencies": {
        "react": "^16.8.0 || ^17.0.0 || ^18.0.0"
      }
    },
    "node_modules/sucrase": {
      "version": "3.35.1",
      "dev": true,
      "license": "MIT",
      "dependencies": {
        "@jridgewell/gen-mapping": "^0.3.2",
        "commander": "^4.0.0",
        "lines-and-columns": "^1.1.6",
        "mz": "^2.7.0",
        "pirates": "^4.0.1",
        "tinyglobby": "^0.2.11",
        "ts-interface-checker": "^0.1.9"
      },
      "bin": {
        "sucrase": "bin/sucrase",
        "sucrase-node": "bin/sucrase-node"
      },
      "engines": {
        "node": ">=16 || 14 >=14.17"
      }
    },
    "node_modules/thenify": {
      "version": "3.3.1",
      "dev": true,
      "license": "MIT",
      "dependencies": {
        "any-promise": "^1.0.0"
      }
    },
    "node_modules/thenify-all": {
      "version": "1.6.0",
      "dev": true,
      "license": "MIT",
      "dependencies": {
        "thenify": ">= 3.1.0 < 4"
      },
      "engines": {
        "node": ">=0.8"
      }
    },
    "node_modules/tinyglobby": {
      "version": "0.2.17",
      "dev": true,
      "license": "MIT",
      "dependencies": {
        "fdir": "^6.5.0",
        "picomatch": "^4.0.4"
      },
      "engines": {
        "node": ">=12.0.0"
      },
      "funding": {
        "url": "https://github.com/sponsors/SuperchupuDev"
      }
    },
    "node_modules/ts-interface-checker": {
      "version": "0.1.13",
      "dev": true,
      "license": "Apache-2.0"
    },
    "node_modules/tslib": {
      "version": "2.8.1",
      "dev": true,
      "license": "0BSD"
    },
    "node_modules/typescript": {
      "version": "5.9.3",
      "license": "Apache-2.0",
      "bin": {
        "tsc": "bin/tsc",
        "tsserver": "bin/tsserver"
      },
      "engines": {
        "node": ">=14.17"
      }
    },
    "node_modules/use-sync-external-store": {
      "version": "1.6.0",
      "dev": true,
      "license": "MIT",
      "peerDependencies": {
        "react": "^16.8.0 || ^17.0.0 || ^18.0.0 || ^19.0.0"
      }
    },
    "packages/aibox-sdk": {
      "name": "@aibox/applet-sdk",
      "version": "1.1.0",
      "license": "UNLICENSED",
      "devDependencies": {
        "@types/react": "^18.3.12",
        "esbuild": "^0.25.0",
        "typescript": "^5.9.3"
      },
      "peerDependencies": {
        "react": ">=18"
      },
      "peerDependenciesMeta": {
        "react": {
          "optional": true
        }
      }
    },
    "packages/aibox-tsbuild": {
      "name": "@aibox/applet-tsbuild",
      "version": "1.0.0",
      "dependencies": {
        "typescript": "^5.9.3"
      },
      "bin": {
        "aibox-tsbuild": "bin/aibox-tsbuild.mjs"
      }
    }
  }
}
